
Microsoft Visual Studio Solution File, Format Version 12.00
# Visual Studio Version 16
VisualStudioVersion = 16.0.29021.104
MinimumVisualStudioVersion = 10.0.40219.1
Project("{FAE04EC0-301F-11D3-BF4B-00C04F79EFBC}") = "AnimateForms", "AnimateForms\AnimateForms.csproj", "{A9D51588-EC0A-4589-AFDA-A1592CA4CE9D}"
EndProject
Project("{FAE04EC0-301F-11D3-BF4B-00C04F79EFBC}") = "AnimateForms.Core", "AnimateForms.Jank\AnimateForms.Core.csproj", "{6EB42DA8-68F8-4FFD-842A-E16D1FC019EF}"
EndProject
Global
	GlobalSection(SolutionConfigurationPlatforms) = preSolution
		Debug|Any CPU = Debug|Any CPU
		Release|Any CPU = Release|Any CPU
	EndGlobalSection
	GlobalSection(ProjectConfigurationPlatforms) = postSolution
		{A9D51588-EC0A-4589-AFDA-A1592CA4CE9D}.Debug|Any CPU.ActiveCfg = Debug|Any CPU
		{A9D51588-EC0A-4589-AFDA-A1592CA4CE9D}.Debug|Any CPU.Build.0 = Debug|Any CPU
		{A9D51588-EC0A-4589-AFDA-A1592CA4CE9D}.Release|Any CPU.ActiveCfg = Release|Any CPU
		{A9D51588-EC0A-4589-AFDA-A1592CA4CE9D}.Release|Any CPU.Build.0 = Release|Any CPU
		{6EB42DA8-68F8-4FFD-842A-E16D1FC019EF}.Debug|Any CPU.ActiveCfg = Debug|Any CPU
		{6EB42DA8-68F8-4FFD-842A-E16D1FC019EF}.Debug|Any CPU.Build.0 = Debug|Any CPU
		{6EB42DA8-68F8-4FFD-842A-E16D1FC019EF}.Release|Any CPU.ActiveCfg = Release|Any CPU
		{6EB42DA8-68F8-4FFD-842A-E16D1FC019EF}.Release|Any CPU.Build.0 = Release|Any CPU
	EndGlobalSection
	GlobalSection(SolutionProperties) = preSolution
		HideSolutionNode = FALSE
	EndGlobalSection
	GlobalSection(ExtensibilityGlobals) = postSolution
		SolutionGuid = {BD5E3010-1B0A-41C2-B9C2-7CDB8CDA8823}
	EndGlobalSection
EndGlobal
